
Microsoft Visual Studio Solution File, Format Version 12.00
# Visual Studio Version 17
VisualStudioVersion = 17.3.32929.385
MinimumVisualStudioVersion = 10.0.40219.1
Project("{FAE04EC0-301F-11D3-BF4B-00C04F79EFBC}") = "write-erase_project", "write-erase_project\write-erase_project.csproj", "{063A8347-0456-48D1-882D-21AFAC941914}"
EndProject
Global
	GlobalSection(SolutionConfigurationPlatforms) = preSolution
		Debug|Any CPU = Debug|Any CPU
		Release|Any CPU = Release|Any CPU
	EndGlobalSection
	GlobalSection(ProjectConfigurationPlatforms) = postSolution
		{063A8347-0456-48D1-882D-21AFAC941914}.Debug|Any CPU.ActiveCfg = Debug|Any CPU
		{063A8347-0456-48D1-882D-21AFAC941914}.Debug|Any CPU.Build.0 = Debug|Any CPU
		{063A8347-0456-48D1-882D-21AFAC941914}.Release|Any CPU.ActiveCfg = Release|Any CPU
		{063A8347-0456-48D1-882D-21AFAC941914}.Release|Any CPU.Build.0 = Release|Any CPU
	EndGlobalSection
	GlobalSection(SolutionProperties) = preSolution
		HideSolutionNode = FALSE
	EndGlobalSection
	GlobalSection(ExtensibilityGlobals) = postSolution
		SolutionGuid = {4BFC3BE9-6017-46E5-AC23-B08D7FDB1EB7}
	EndGlobalSection
EndGlobal
